
Microsoft Visual Studio Solution File, Format Version 12.00
# Visual Studio Version 17
VisualStudioVersion = 17.5.33530.505
MinimumVisualStudioVersion = 10.0.40219.1
Project("{FAE04EC0-301F-11D3-BF4B-00C04F79EFBC}") = "HrApi", "HrApi\HrApi.csproj", "{985DA644-8887-4493-AE36-9B4B7E4892A6}"
EndProject
Global
	GlobalSection(SolutionConfigurationPlatforms) = preSolution
		Debug|Any CPU = Debug|Any CPU
		Release|Any CPU = Release|Any CPU
	EndGlobalSection
	GlobalSection(ProjectConfigurationPlatforms) = postSolution
		{985DA644-8887-4493-AE36-9B4B7E4892A6}.Debug|Any CPU.ActiveCfg = Debug|Any CPU
		{985DA644-8887-4493-AE36-9B4B7E4892A6}.Debug|Any CPU.Build.0 = Debug|Any CPU
		{985DA644-8887-4493-AE36-9B4B7E4892A6}.Release|Any CPU.ActiveCfg = Release|Any CPU
		{985DA644-8887-4493-AE36-9B4B7E4892A6}.Release|Any CPU.Build.0 = Release|Any CPU
	EndGlobalSection
	GlobalSection(SolutionProperties) = preSolution
		HideSolutionNode = FALSE
	EndGlobalSection
	GlobalSection(ExtensibilityGlobals) = postSolution
		SolutionGuid = {10825CDF-A2B5-4BAC-87B6-8F62341977B4}
	EndGlobalSection
EndGlobal
